{
    "version": 3,
    "terraform_version": "0.11.13",
    "serial": 1,
    "lineage": "7e4ea524-52f2-3c05-669d-47e94f2fd3b0",
    "modules": [
        {
            "path": [
                "root"
            ],
            "outputs": {
                "config-map-aws-auth": {
                    "sensitive": false,
                    "type": "string",
                    "value": "\n\napiVersion: v1\nkind: ConfigMap\nmetadata:\n  name: aws-auth\n  namespace: kube-system\ndata:\n  mapRoles: |\n    - rolearn: arn:aws:iam::990456062402:role/terraform-eks-demo-node\n      username: system:node:{{EC2PrivateDNSName}}\n      groups:\n        - system:bootstrappers\n        - system:nodes\n"
                },
                "kubeconfig": {
                    "sensitive": false,
                    "type": "string",
                    "value": "\n\napiVersion: v1\nclusters:\n- cluster:\n    server: https://FDE010E2E9EBB8E0FFBF8FA2B7852FED.yl4.us-east-1.eks.amazonaws.com\n    certificate-authority-data: LS0tLS1CRUdJTiBDRVJUSUZJQ0FURS0tLS0tCk1JSUN5RENDQWJDZ0F3SUJBZ0lCQURBTkJna3Foa2lHOXcwQkFRc0ZBREFWTVJNd0VRWURWUVFERXdwcmRXSmwKY201bGRHVnpNQjRYRFRFNU1EUXlNVEEwTWprME0xb1hEVEk1TURReE9EQTBNamswTTFvd0ZURVRNQkVHQTFVRQpBeE1LYTNWaVpYSnVaWFJsY3pDQ0FTSXdEUVlKS29aSWh2Y05BUUVCQlFBRGdnRVBBRENDQVFvQ2dnRUJBTkNPClJJNmtJRGJIczByUHFuYlc3eFpjSXY2TjNwcFZ3NVJmVzMvTnh2MTYyckRtSkNjbWM0dkVEdFZ6NElSTExjNVUKNDBKV09nN1lDU3NnaGplUGpVVm9BRlBEeFhKbkdJc2dEVmxFN05jdkdhc2JwRzc3eStqY3ptYlBjRHp5d0ZoTgp3OFVMRHFONzg5K09QNE5YNmxYSEtxdWJvY2VEeDFyTUd3eTN1Y3JYZnVtQ3lwMlk2eUxoQUxjVmUwYzQ3M1VGClI5TU1nYml5WURTa1NQdUpnNU1JZW5TWWRlR2VHeWN6L1ZaYmhqcndaejZxekgyMksra0ZudmFTOXJwWTA2NWQKSm1ZNW1zTGFFbnRYY0NuaUVaSjJKVHpuOG4vNlI3VEVZdnFQaXNPZ2xlNk1UR3BLaEhnMTZFbGdNSGNXbWZsRwpka3hwL3ZSWkY2c0Y5ZHNPMkFNQ0F3RUFBYU1qTUNFd0RnWURWUjBQQVFIL0JBUURBZ0trTUE4R0ExVWRFd0VCCi93UUZNQU1CQWY4d0RRWUpLb1pJaHZjTkFRRUxCUUFEZ2dFQkFCRXBhMXFzU0hSQ3gzaEU5TVNpM0xCRG9uYUIKSGMxVzlNN1N1Z3hBWVRrbDhkMlFVcU5MRnoxUDNFSzlTV1pVaUJKZTRxUjNqSjdqam9sTTlzNkpxeXZhQXNicgpuTzJKOWM5TDFBaTNCUit4bEsrUVBoWXhyQ2FVNEF4UDMwTTZYZHJFcFlZbWRCZ0poa2FRWFJjbTF1MmZoRHZvCjRVQTFJR2VMdVAzZXM1c3ArdTZ0cUVheGRXOVNZQU4xWHJBVkVDKzRlQnpyMjRnQldFNGR5eE5WYzNZZ0V4RkkKK21oZXNiZ3RnaWRLV0NKOUhRWjRaSDN4enJRS0tpa3QxUzFQRjhCNVpkZjZuV1RycFVBMUNlN1J2VER0Mnk5UQpKVTh1bURYbWxRWUFqZTlWNkt0RHBEREZ6QWxIWkVlM3NZZUN2YitxOHJxUlpmVVZIajZtcnhjQ0doOD0KLS0tLS1FTkQgQ0VSVElGSUNBVEUtLS0tLQo=\n  name: kubernetes\ncontexts:\n- context:\n    cluster: kubernetes\n    user: aws\n  name: aws\ncurrent-context: aws\nkind: Config\npreferences: {}\nusers:\n- name: aws\n  user:\n    exec:\n      apiVersion: client.authentication.k8s.io/v1alpha1\n      command: heptio-authenticator-aws\n      args:\n        - \"token\"\n        - \"-i\"\n        - \"terraform-eks\"\n"
                }
            },
            "resources": {
                "aws_autoscaling_group.demo": {
                    "type": "aws_autoscaling_group",
                    "depends_on": [
                        "aws_launch_configuration.demo",
                        "aws_subnet.demo.*"
                    ],
                    "primary": {
                        "id": "terraform-eks-demo",
                        "attributes": {
                            "arn": "arn:aws:autoscaling:us-east-1:990456062402:autoScalingGroup:e3edcbf0-1a3d-4952-9e02-98bd946fac41:autoScalingGroupName/terraform-eks-demo",
                            "availability_zones.#": "2",
                            "availability_zones.1305112097": "us-east-1b",
                            "availability_zones.3569565595": "us-east-1a",
                            "default_cooldown": "300",
                            "desired_capacity": "2",
                            "enabled_metrics.#": "0",
                            "force_delete": "false",
                            "health_check_grace_period": "300",
                            "health_check_type": "EC2",
                            "id": "terraform-eks-demo",
                            "launch_configuration": "terraform-eks-demo20190421043244845300000006",
                            "launch_template.#": "0",
                            "load_balancers.#": "0",
                            "max_size": "2",
                            "metrics_granularity": "1Minute",
                            "min_size": "1",
                            "mixed_instances_policy.#": "0",
                            "name": "terraform-eks-demo",
                            "placement_group": "",
                            "protect_from_scale_in": "false",
                            "service_linked_role_arn": "arn:aws:iam::990456062402:role/aws-service-role/autoscaling.amazonaws.com/AWSServiceRoleForAutoScaling",
                            "suspended_processes.#": "0",
                            "tag.#": "2",
                            "tag.2796626389.key": "kubernetes.io/cluster/terraform-eks",
                            "tag.2796626389.propagate_at_launch": "true",
                            "tag.2796626389.value": "owned",
                            "tag.4079220990.key": "Name",
                            "tag.4079220990.propagate_at_launch": "true",
                            "tag.4079220990.value": "terraform-eks-demo",
                            "target_group_arns.#": "0",
                            "termination_policies.#": "0",
                            "vpc_zone_identifier.#": "2",
                            "vpc_zone_identifier.2016254180": "subnet-06a4a1e8f5cf628ed",
                            "vpc_zone_identifier.2140837918": "subnet-0ce9c48643e9ddf85",
                            "wait_for_capacity_timeout": "10m"
                        },
                        "meta": {
                            "e2bfb730-ecaa-11e6-8f88-34363bc7c4c0": {
                                "delete": 600000000000
                            }
                        },
                        "tainted": false
                    },
                    "deposed": [],
                    "provider": "provider.aws"
                },
                "aws_eks_cluster.demo": {
                    "type": "aws_eks_cluster",
                    "depends_on": [
                        "aws_iam_role.demo-cluster",
                        "aws_iam_role_policy_attachment.demo-cluster-AmazonEKSClusterPolicy",
                        "aws_iam_role_policy_attachment.demo-cluster-AmazonEKSServicePolicy",
                        "aws_security_group.demo-cluster",
                        "aws_subnet.demo.*"
                    ],
                    "primary": {
                        "id": "terraform-eks",
                        "attributes": {
                            "arn": "arn:aws:eks:us-east-1:990456062402:cluster/terraform-eks",
                            "certificate_authority.#": "1",
                            "certificate_authority.0.data": "LS0tLS1CRUdJTiBDRVJUSUZJQ0FURS0tLS0tCk1JSUN5RENDQWJDZ0F3SUJBZ0lCQURBTkJna3Foa2lHOXcwQkFRc0ZBREFWTVJNd0VRWURWUVFERXdwcmRXSmwKY201bGRHVnpNQjRYRFRFNU1EUXlNVEEwTWprME0xb1hEVEk1TURReE9EQTBNamswTTFvd0ZURVRNQkVHQTFVRQpBeE1LYTNWaVpYSnVaWFJsY3pDQ0FTSXdEUVlKS29aSWh2Y05BUUVCQlFBRGdnRVBBRENDQVFvQ2dnRUJBTkNPClJJNmtJRGJIczByUHFuYlc3eFpjSXY2TjNwcFZ3NVJmVzMvTnh2MTYyckRtSkNjbWM0dkVEdFZ6NElSTExjNVUKNDBKV09nN1lDU3NnaGplUGpVVm9BRlBEeFhKbkdJc2dEVmxFN05jdkdhc2JwRzc3eStqY3ptYlBjRHp5d0ZoTgp3OFVMRHFONzg5K09QNE5YNmxYSEtxdWJvY2VEeDFyTUd3eTN1Y3JYZnVtQ3lwMlk2eUxoQUxjVmUwYzQ3M1VGClI5TU1nYml5WURTa1NQdUpnNU1JZW5TWWRlR2VHeWN6L1ZaYmhqcndaejZxekgyMksra0ZudmFTOXJwWTA2NWQKSm1ZNW1zTGFFbnRYY0NuaUVaSjJKVHpuOG4vNlI3VEVZdnFQaXNPZ2xlNk1UR3BLaEhnMTZFbGdNSGNXbWZsRwpka3hwL3ZSWkY2c0Y5ZHNPMkFNQ0F3RUFBYU1qTUNFd0RnWURWUjBQQVFIL0JBUURBZ0trTUE4R0ExVWRFd0VCCi93UUZNQU1CQWY4d0RRWUpLb1pJaHZjTkFRRUxCUUFEZ2dFQkFCRXBhMXFzU0hSQ3gzaEU5TVNpM0xCRG9uYUIKSGMxVzlNN1N1Z3hBWVRrbDhkMlFVcU5MRnoxUDNFSzlTV1pVaUJKZTRxUjNqSjdqam9sTTlzNkpxeXZhQXNicgpuTzJKOWM5TDFBaTNCUit4bEsrUVBoWXhyQ2FVNEF4UDMwTTZYZHJFcFlZbWRCZ0poa2FRWFJjbTF1MmZoRHZvCjRVQTFJR2VMdVAzZXM1c3ArdTZ0cUVheGRXOVNZQU4xWHJBVkVDKzRlQnpyMjRnQldFNGR5eE5WYzNZZ0V4RkkKK21oZXNiZ3RnaWRLV0NKOUhRWjRaSDN4enJRS0tpa3QxUzFQRjhCNVpkZjZuV1RycFVBMUNlN1J2VER0Mnk5UQpKVTh1bURYbWxRWUFqZTlWNkt0RHBEREZ6QWxIWkVlM3NZZUN2YitxOHJxUlpmVVZIajZtcnhjQ0doOD0KLS0tLS1FTkQgQ0VSVElGSUNBVEUtLS0tLQo=",
                            "created_at": "2019-04-21 04:21:41 +0000 UTC",
                            "enabled_cluster_log_types.#": "0",
                            "endpoint": "https://FDE010E2E9EBB8E0FFBF8FA2B7852FED.yl4.us-east-1.eks.amazonaws.com",
                            "id": "terraform-eks",
                            "name": "terraform-eks",
                            "platform_version": "eks.1",
                            "role_arn": "arn:aws:iam::990456062402:role/terraform-eks-demo-cluster",
                            "version": "1.12",
                            "vpc_config.#": "1",
                            "vpc_config.0.endpoint_private_access": "false",
                            "vpc_config.0.endpoint_public_access": "true",
                            "vpc_config.0.security_group_ids.#": "1",
                            "vpc_config.0.security_group_ids.190594232": "sg-0c9d78cf9bbfb6769",
                            "vpc_config.0.subnet_ids.#": "2",
                            "vpc_config.0.subnet_ids.2574885202": "subnet-0ce9c48643e9ddf85",
                            "vpc_config.0.subnet_ids.3289779536": "subnet-06a4a1e8f5cf628ed",
                            "vpc_config.0.vpc_id": "vpc-0077d56baf239a6a3"
                        },
                        "meta": {
                            "e2bfb730-ecaa-11e6-8f88-34363bc7c4c0": {
                                "create": 900000000000,
                                "delete": 900000000000,
                                "update": 3600000000000
                            }
                        },
                        "tainted": false
                    },
                    "deposed": [],
                    "provider": "provider.aws"
                },
                "aws_iam_instance_profile.demo-node": {
                    "type": "aws_iam_instance_profile",
                    "depends_on": [
                        "aws_iam_role.demo-node"
                    ],
                    "primary": {
                        "id": "terraform-eks-demo",
                        "attributes": {
                            "arn": "arn:aws:iam::990456062402:instance-profile/terraform-eks-demo",
                            "create_date": "2019-04-21T04:21:30Z",
                            "id": "terraform-eks-demo",
                            "name": "terraform-eks-demo",
                            "path": "/",
                            "role": "terraform-eks-demo-node",
                            "roles.#": "0",
                            "unique_id": "AIPA6NG6IEHBCVSV23O7L"
                        },
                        "meta": {},
                        "tainted": false
                    },
                    "deposed": [],
                    "provider": "provider.aws"
                },
                "aws_iam_role.demo-cluster": {
                    "type": "aws_iam_role",
                    "depends_on": [],
                    "primary": {
                        "id": "terraform-eks-demo-cluster",
                        "attributes": {
                            "arn": "arn:aws:iam::990456062402:role/terraform-eks-demo-cluster",
                            "assume_role_policy": "{\"Version\":\"2012-10-17\",\"Statement\":[{\"Effect\":\"Allow\",\"Principal\":{\"Service\":\"eks.amazonaws.com\"},\"Action\":\"sts:AssumeRole\"}]}",
                            "create_date": "2019-04-21T04:21:30Z",
                            "description": "",
                            "force_detach_policies": "false",
                            "id": "terraform-eks-demo-cluster",
                            "max_session_duration": "3600",
                            "name": "terraform-eks-demo-cluster",
                            "path": "/",
                            "tags.%": "0",
                            "unique_id": "AROA6NG6IEHBN7JSM3W7S"
                        },
                        "meta": {},
                        "tainted": false
                    },
                    "deposed": [],
                    "provider": "provider.aws"
                },
                "aws_iam_role.demo-node": {
                    "type": "aws_iam_role",
                    "depends_on": [],
                    "primary": {
                        "id": "terraform-eks-demo-node",
                        "attributes": {
                            "arn": "arn:aws:iam::990456062402:role/terraform-eks-demo-node",
                            "assume_role_policy": "{\"Version\":\"2012-10-17\",\"Statement\":[{\"Effect\":\"Allow\",\"Principal\":{\"Service\":\"ec2.amazonaws.com\"},\"Action\":\"sts:AssumeRole\"}]}",
                            "create_date": "2019-04-21T04:21:30Z",
                            "description": "",
                            "force_detach_policies": "false",
                            "id": "terraform-eks-demo-node",
                            "max_session_duration": "3600",
                            "name": "terraform-eks-demo-node",
                            "path": "/",
                            "tags.%": "0",
                            "unique_id": "AROA6NG6IEHBLODXOXHJL"
                        },
                        "meta": {},
                        "tainted": false
                    },
                    "deposed": [],
                    "provider": "provider.aws"
                },
                "aws_iam_role_policy_attachment.demo-cluster-AmazonEKSClusterPolicy": {
                    "type": "aws_iam_role_policy_attachment",
                    "depends_on": [
                        "aws_iam_role.demo-cluster"
                    ],
                    "primary": {
                        "id": "terraform-eks-demo-cluster-20190421042130273800000002",
                        "attributes": {
                            "id": "terraform-eks-demo-cluster-20190421042130273800000002",
                            "policy_arn": "arn:aws:iam::aws:policy/AmazonEKSClusterPolicy",
                            "role": "terraform-eks-demo-cluster"
                        },
                        "meta": {},
                        "tainted": false
                    },
                    "deposed": [],
                    "provider": "provider.aws"
                },
                "aws_iam_role_policy_attachment.demo-cluster-AmazonEKSServicePolicy": {
                    "type": "aws_iam_role_policy_attachment",
                    "depends_on": [
                        "aws_iam_role.demo-cluster"
                    ],
                    "primary": {
                        "id": "terraform-eks-demo-cluster-20190421042130268900000001",
                        "attributes": {
                            "id": "terraform-eks-demo-cluster-20190421042130268900000001",
                            "policy_arn": "arn:aws:iam::aws:policy/AmazonEKSServicePolicy",
                            "role": "terraform-eks-demo-cluster"
                        },
                        "meta": {},
                        "tainted": false
                    },
                    "deposed": [],
                    "provider": "provider.aws"
                },
                "aws_iam_role_policy_attachment.demo-node-AmazonEC2ContainerRegistryReadOnly": {
                    "type": "aws_iam_role_policy_attachment",
                    "depends_on": [
                        "aws_iam_role.demo-node"
                    ],
                    "primary": {
                        "id": "terraform-eks-demo-node-20190421042130280000000004",
                        "attributes": {
                            "id": "terraform-eks-demo-node-20190421042130280000000004",
                            "policy_arn": "arn:aws:iam::aws:policy/AmazonEC2ContainerRegistryReadOnly",
                            "role": "terraform-eks-demo-node"
                        },
                        "meta": {},
                        "tainted": false
                    },
                    "deposed": [],
                    "provider": "provider.aws"
                },
                "aws_iam_role_policy_attachment.demo-node-AmazonEKSWorkerNodePolicy": {
                    "type": "aws_iam_role_policy_attachment",
                    "depends_on": [
                        "aws_iam_role.demo-node"
                    ],
                    "primary": {
                        "id": "terraform-eks-demo-node-20190421042130283700000005",
                        "attributes": {
                            "id": "terraform-eks-demo-node-20190421042130283700000005",
                            "policy_arn": "arn:aws:iam::aws:policy/AmazonEKSWorkerNodePolicy",
                            "role": "terraform-eks-demo-node"
                        },
                        "meta": {},
                        "tainted": false
                    },
                    "deposed": [],
                    "provider": "provider.aws"
                },
                "aws_iam_role_policy_attachment.demo-node-AmazonEKS_CNI_Policy": {
                    "type": "aws_iam_role_policy_attachment",
                    "depends_on": [
                        "aws_iam_role.demo-node"
                    ],
                    "primary": {
                        "id": "terraform-eks-demo-node-20190421042130276600000003",
                        "attributes": {
                            "id": "terraform-eks-demo-node-20190421042130276600000003",
                            "policy_arn": "arn:aws:iam::aws:policy/AmazonEKS_CNI_Policy",
                            "role": "terraform-eks-demo-node"
                        },
                        "meta": {},
                        "tainted": false
                    },
                    "deposed": [],
                    "provider": "provider.aws"
                },
                "aws_internet_gateway.demo": {
                    "type": "aws_internet_gateway",
                    "depends_on": [
                        "aws_vpc.demo"
                    ],
                    "primary": {
                        "id": "igw-02d6a4c78f3c8f65a",
                        "attributes": {
                            "id": "igw-02d6a4c78f3c8f65a",
                            "owner_id": "990456062402",
                            "tags.%": "1",
                            "tags.Name": "terraform-eks-demo",
                            "vpc_id": "vpc-0077d56baf239a6a3"
                        },
                        "meta": {},
                        "tainted": false
                    },
                    "deposed": [],
                    "provider": "provider.aws"
                },
                "aws_launch_configuration.demo": {
                    "type": "aws_launch_configuration",
                    "depends_on": [
                        "aws_iam_instance_profile.demo-node",
                        "aws_security_group.demo-node",
                        "data.aws_ami.eks-worker",
                        "local.demo-node-userdata"
                    ],
                    "primary": {
                        "id": "terraform-eks-demo20190421043244845300000006",
                        "attributes": {
                            "associate_public_ip_address": "true",
                            "ebs_block_device.#": "0",
                            "ebs_optimized": "false",
                            "enable_monitoring": "true",
                            "ephemeral_block_device.#": "0",
                            "iam_instance_profile": "terraform-eks-demo",
                            "id": "terraform-eks-demo20190421043244845300000006",
                            "image_id": "ami-048486555686d18a0",
                            "instance_type": "m4.large",
                            "key_name": "",
                            "name": "terraform-eks-demo20190421043244845300000006",
                            "name_prefix": "terraform-eks-demo",
                            "root_block_device.#": "0",
                            "security_groups.#": "1",
                            "security_groups.3475288843": "sg-0e4fef731f4c23882",
                            "spot_price": "",
                            "user_data_base64": "IyEvYmluL2Jhc2ggLXhlCgpDQV9DRVJUSUZJQ0FURV9ESVJFQ1RPUlk9L2V0Yy9rdWJlcm5ldGVzL3BraQpDQV9DRVJUSUZJQ0FURV9GSUxFX1BBVEg9JENBX0NFUlRJRklDQVRFX0RJUkVDVE9SWS9jYS5jcnQKbWtkaXIgLXAgJENBX0NFUlRJRklDQVRFX0RJUkVDVE9SWQplY2hvICJMUzB0TFMxQ1JVZEpUaUJEUlZKVVNVWkpRMEZVUlMwdExTMHRDazFKU1VONVJFTkRRV0pEWjBGM1NVSkJaMGxDUVVSQlRrSm5hM0ZvYTJsSE9YY3dRa0ZSYzBaQlJFRldUVkpOZDBWUldVUldVVkZFUlhkd2NtUlhTbXdLWTIwMWJHUkhWbnBOUWpSWVJGUkZOVTFFVVhsTlZFRXdUV3ByTUUweGIxaEVWRWsxVFVSUmVFOUVRVEJOYW1zd1RURnZkMFpVUlZSTlFrVkhRVEZWUlFwQmVFMUxZVE5XYVZwWVNuVmFXRkpzWTNwRFEwRlRTWGRFVVZsS1MyOWFTV2gyWTA1QlVVVkNRbEZCUkdkblJWQkJSRU5EUVZGdlEyZG5SVUpCVGtOUENsSkpObXRKUkdKSWN6QnlVSEZ1WWxjM2VGcGpTWFkyVGpOd2NGWjNOVkptVnpNdlRuaDJNVFl5Y2tSdFNrTmpiV00wZGtWRWRGWjZORWxTVEV4ak5WVUtOREJLVjA5bk4xbERVM05uYUdwbFVHcFZWbTlCUmxCRWVGaEtia2RKYzJkRVZteEZOMDVqZGtkaGMySndSemMzZVN0cVkzcHRZbEJqUkhwNWQwWm9UZ3AzT0ZWTVJIRk9Oemc1SzA5UU5FNVlObXhZU0V0eGRXSnZZMlZFZURGeVRVZDNlVE4xWTNKWVpuVnRRM2x3TWxrMmVVeG9RVXhqVm1Vd1l6UTNNMVZHQ2xJNVRVMW5ZbWw1V1VSVGExTlFkVXBuTlUxSlpXNVRXV1JsUjJWSGVXTjZMMVphWW1ocWNuZGFlalp4ZWtneU1rc3JhMFp1ZG1GVE9YSndXVEEyTldRS1NtMVpOVzF6VEdGRmJuUllZME51YVVWYVNqSktWSHB1T0c0dk5sSTNWRVZaZG5GUWFYTlBaMnhsTmsxVVIzQkxhRWhuTVRaRmJHZE5TR05YYldac1J3cGthM2h3TDNaU1drWTJjMFk1WkhOUE1rRk5RMEYzUlVGQllVMXFUVU5GZDBSbldVUldVakJRUVZGSUwwSkJVVVJCWjB0clRVRTRSMEV4VldSRmQwVkNDaTkzVVVaTlFVMUNRV1k0ZDBSUldVcExiMXBKYUhaalRrRlJSVXhDVVVGRVoyZEZRa0ZDUlhCaE1YRnpVMGhTUTNnemFFVTVUVk5wTTB4Q1JHOXVZVUlLU0dNeFZ6bE5OMU4xWjNoQldWUnJiRGhrTWxGVmNVNU1Sbm94VURORlN6bFRWMXBWYVVKS1pUUnhVak5xU2pkcWFtOXNUVGx6TmtweGVYWmhRWE5pY2dwdVR6SktPV001VERGQmFUTkNVaXQ0YkVzclVWQm9XWGh5UTJGVk5FRjRVRE13VFRaWVpISkZjRmxaYldSQ1owcG9hMkZSV0ZKamJURjFNbVpvUkhadkNqUlZRVEZKUjJWTWRWQXpaWE0xYzNBcmRUWjBjVVZoZUdSWE9WTlpRVTR4V0hKQlZrVkRLelJsUW5weU1qUm5RbGRGTkdSNWVFNVdZek5aWjBWNFJra0tLMjFvWlhOaVozUm5hV1JMVjBOS09VaFJXalJhU0RONGVuSlJTMHRwYTNReFV6RlFSamhDTlZwa1pqWnVWMVJ5Y0ZWQk1VTmxOMUoyVkVSME1uazVVUXBLVlRoMWJVUlliV3hSV1VGcVpUbFdOa3QwUkhCRVJFWjZRV3hJV2tWbE0zTlpaVU4yWWl0eE9ISnhVbHBtVlZaSWFqWnRjbmhqUTBkb09EMEtMUzB0TFMxRlRrUWdRMFZTVkVsR1NVTkJWRVV0TFMwdExRbz0iIHwgYmFzZTY0IC1kID4gICRDQV9DRVJUSUZJQ0FURV9GSUxFX1BBVEgKSU5URVJOQUxfSVA9JChjdXJsIC1zIGh0dHA6Ly8xNjkuMjU0LjE2OS4yNTQvbGF0ZXN0L21ldGEtZGF0YS9sb2NhbC1pcHY0KQpzZWQgLWkgcyxNQVNURVJfRU5EUE9JTlQsaHR0cHM6Ly9GREUwMTBFMkU5RUJCOEUwRkZCRjhGQTJCNzg1MkZFRC55bDQudXMtZWFzdC0xLmVrcy5hbWF6b25hd3MuY29tLGcgL3Zhci9saWIva3ViZWxldC9rdWJlY29uZmlnCnNlZCAtaSBzLENMVVNURVJfTkFNRSx0ZXJyYWZvcm0tZWtzLGcgL3Zhci9saWIva3ViZWxldC9rdWJlY29uZmlnCnNlZCAtaSBzLFJFR0lPTix1cy1lYXN0LTEsZyAvZXRjL3N5c3RlbWQvc3lzdGVtL2t1YmVsZXQuc2VydmljZQpzZWQgLWkgcyxNQVhfUE9EUywyMCxnIC9ldGMvc3lzdGVtZC9zeXN0ZW0va3ViZWxldC5zZXJ2aWNlCnNlZCAtaSBzLE1BU1RFUl9FTkRQT0lOVCxodHRwczovL0ZERTAxMEUyRTlFQkI4RTBGRkJGOEZBMkI3ODUyRkVELnlsNC51cy1lYXN0LTEuZWtzLmFtYXpvbmF3cy5jb20sZyAvZXRjL3N5c3RlbWQvc3lzdGVtL2t1YmVsZXQuc2VydmljZQpzZWQgLWkgcyxJTlRFUk5BTF9JUCwkSU5URVJOQUxfSVAsZyAvZXRjL3N5c3RlbWQvc3lzdGVtL2t1YmVsZXQuc2VydmljZQpETlNfQ0xVU1RFUl9JUD0xMC4xMDAuMC4xMAppZiBbWyAkSU5URVJOQUxfSVAgPT0gMTAuKiBdXSA7IHRoZW4gRE5TX0NMVVNURVJfSVA9MTcyLjIwLjAuMTA7IGZpCnNlZCAtaSBzLEROU19DTFVTVEVSX0lQLCRETlNfQ0xVU1RFUl9JUCxnIC9ldGMvc3lzdGVtZC9zeXN0ZW0va3ViZWxldC5zZXJ2aWNlCnNlZCAtaSBzLENFUlRJRklDQVRFX0FVVEhPUklUWV9GSUxFLCRDQV9DRVJUSUZJQ0FURV9GSUxFX1BBVEgsZyAvdmFyL2xpYi9rdWJlbGV0L2t1YmVjb25maWcKc2VkIC1pIHMsQ0xJRU5UX0NBX0ZJTEUsJENBX0NFUlRJRklDQVRFX0ZJTEVfUEFUSCxnICAvZXRjL3N5c3RlbWQvc3lzdGVtL2t1YmVsZXQuc2VydmljZQpzeXN0ZW1jdGwgZGFlbW9uLXJlbG9hZApzeXN0ZW1jdGwgcmVzdGFydCBrdWJlbGV0Cg==",
                            "vpc_classic_link_id": "",
                            "vpc_classic_link_security_groups.#": "0"
                        },
                        "meta": {},
                        "tainted": false
                    },
                    "deposed": [],
                    "provider": "provider.aws"
                },
                "aws_route_table.demo": {
                    "type": "aws_route_table",
                    "depends_on": [
                        "aws_internet_gateway.demo",
                        "aws_vpc.demo"
                    ],
                    "primary": {
                        "id": "rtb-06cc2b814c656108d",
                        "attributes": {
                            "id": "rtb-06cc2b814c656108d",
                            "owner_id": "990456062402",
                            "propagating_vgws.#": "0",
                            "route.#": "1",
                            "route.1145349140.cidr_block": "0.0.0.0/0",
                            "route.1145349140.egress_only_gateway_id": "",
                            "route.1145349140.gateway_id": "igw-02d6a4c78f3c8f65a",
                            "route.1145349140.instance_id": "",
                            "route.1145349140.ipv6_cidr_block": "",
                            "route.1145349140.nat_gateway_id": "",
                            "route.1145349140.network_interface_id": "",
                            "route.1145349140.transit_gateway_id": "",
                            "route.1145349140.vpc_peering_connection_id": "",
                            "tags.%": "0",
                            "vpc_id": "vpc-0077d56baf239a6a3"
                        },
                        "meta": {},
                        "tainted": false
                    },
                    "deposed": [],
                    "provider": "provider.aws"
                },
                "aws_route_table_association.demo.0": {
                    "type": "aws_route_table_association",
                    "depends_on": [
                        "aws_route_table.demo",
                        "aws_subnet.demo.*"
                    ],
                    "primary": {
                        "id": "rtbassoc-08cbcc99c17572f82",
                        "attributes": {
                            "id": "rtbassoc-08cbcc99c17572f82",
                            "route_table_id": "rtb-06cc2b814c656108d",
                            "subnet_id": "subnet-0ce9c48643e9ddf85"
                        },
                        "meta": {},
                        "tainted": false
                    },
                    "deposed": [],
                    "provider": "provider.aws"
                },
                "aws_route_table_association.demo.1": {
                    "type": "aws_route_table_association",
                    "depends_on": [
                        "aws_route_table.demo",
                        "aws_subnet.demo.*"
                    ],
                    "primary": {
                        "id": "rtbassoc-03fd027da0d856cc9",
                        "attributes": {
                            "id": "rtbassoc-03fd027da0d856cc9",
                            "route_table_id": "rtb-06cc2b814c656108d",
                            "subnet_id": "subnet-06a4a1e8f5cf628ed"
                        },
                        "meta": {},
                        "tainted": false
                    },
                    "deposed": [],
                    "provider": "provider.aws"
                },
                "aws_security_group.demo-cluster": {
                    "type": "aws_security_group",
                    "depends_on": [
                        "aws_vpc.demo"
                    ],
                    "primary": {
                        "id": "sg-0c9d78cf9bbfb6769",
                        "attributes": {
                            "arn": "arn:aws:ec2:us-east-1:990456062402:security-group/sg-0c9d78cf9bbfb6769",
                            "description": "Cluster communication with worker nodes",
                            "egress.#": "1",
                            "egress.482069346.cidr_blocks.#": "1",
                            "egress.482069346.cidr_blocks.0": "0.0.0.0/0",
                            "egress.482069346.description": "",
                            "egress.482069346.from_port": "0",
                            "egress.482069346.ipv6_cidr_blocks.#": "0",
                            "egress.482069346.prefix_list_ids.#": "0",
                            "egress.482069346.protocol": "-1",
                            "egress.482069346.security_groups.#": "0",
                            "egress.482069346.self": "false",
                            "egress.482069346.to_port": "0",
                            "id": "sg-0c9d78cf9bbfb6769",
                            "ingress.#": "0",
                            "name": "terraform-eks-demo-cluster",
                            "owner_id": "990456062402",
                            "revoke_rules_on_delete": "false",
                            "tags.%": "1",
                            "tags.Name": "terraform-eks-demo",
                            "vpc_id": "vpc-0077d56baf239a6a3"
                        },
                        "meta": {
                            "e2bfb730-ecaa-11e6-8f88-34363bc7c4c0": {
                                "create": 600000000000,
                                "delete": 600000000000
                            },
                            "schema_version": "1"
                        },
                        "tainted": false
                    },
                    "deposed": [],
                    "provider": "provider.aws"
                },
                "aws_security_group.demo-node": {
                    "type": "aws_security_group",
                    "depends_on": [
                        "aws_vpc.demo"
                    ],
                    "primary": {
                        "id": "sg-0e4fef731f4c23882",
                        "attributes": {
                            "arn": "arn:aws:ec2:us-east-1:990456062402:security-group/sg-0e4fef731f4c23882",
                            "description": "Security group for all nodes in the cluster",
                            "egress.#": "1",
                            "egress.482069346.cidr_blocks.#": "1",
                            "egress.482069346.cidr_blocks.0": "0.0.0.0/0",
                            "egress.482069346.description": "",
                            "egress.482069346.from_port": "0",
                            "egress.482069346.ipv6_cidr_blocks.#": "0",
                            "egress.482069346.prefix_list_ids.#": "0",
                            "egress.482069346.protocol": "-1",
                            "egress.482069346.security_groups.#": "0",
                            "egress.482069346.self": "false",
                            "egress.482069346.to_port": "0",
                            "id": "sg-0e4fef731f4c23882",
                            "ingress.#": "0",
                            "name": "terraform-eks-demo-node",
                            "owner_id": "990456062402",
                            "revoke_rules_on_delete": "false",
                            "tags.%": "2",
                            "tags.Name": "terraform-eks-demo-node",
                            "tags.kubernetes.io/cluster/terraform-eks": "owned",
                            "vpc_id": "vpc-0077d56baf239a6a3"
                        },
                        "meta": {
                            "e2bfb730-ecaa-11e6-8f88-34363bc7c4c0": {
                                "create": 600000000000,
                                "delete": 600000000000
                            },
                            "schema_version": "1"
                        },
                        "tainted": false
                    },
                    "deposed": [],
                    "provider": "provider.aws"
                },
                "aws_security_group_rule.demo-cluster-ingress-node-https": {
                    "type": "aws_security_group_rule",
                    "depends_on": [
                        "aws_security_group.demo-cluster",
                        "aws_security_group.demo-node"
                    ],
                    "primary": {
                        "id": "sgrule-60806681",
                        "attributes": {
                            "description": "Allow pods to communicate with the cluster API Server",
                            "from_port": "443",
                            "id": "sgrule-60806681",
                            "protocol": "tcp",
                            "security_group_id": "sg-0c9d78cf9bbfb6769",
                            "self": "false",
                            "source_security_group_id": "sg-0e4fef731f4c23882",
                            "to_port": "443",
                            "type": "ingress"
                        },
                        "meta": {
                            "schema_version": "2"
                        },
                        "tainted": false
                    },
                    "deposed": [],
                    "provider": "provider.aws"
                },
                "aws_security_group_rule.demo-cluster-ingress-workstation-https": {
                    "type": "aws_security_group_rule",
                    "depends_on": [
                        "aws_security_group.demo-cluster",
                        "local.workstation-external-cidr"
                    ],
                    "primary": {
                        "id": "sgrule-1419066416",
                        "attributes": {
                            "cidr_blocks.#": "1",
                            "cidr_blocks.0": "34.201.141.253/32",
                            "description": "Allow workstation to communicate with the cluster API Server",
                            "from_port": "443",
                            "id": "sgrule-1419066416",
                            "protocol": "tcp",
                            "security_group_id": "sg-0c9d78cf9bbfb6769",
                            "self": "false",
                            "to_port": "443",
                            "type": "ingress"
                        },
                        "meta": {
                            "schema_version": "2"
                        },
                        "tainted": false
                    },
                    "deposed": [],
                    "provider": "provider.aws"
                },
                "aws_security_group_rule.demo-node-ingress-cluster": {
                    "type": "aws_security_group_rule",
                    "depends_on": [
                        "aws_security_group.demo-cluster",
                        "aws_security_group.demo-node"
                    ],
                    "primary": {
                        "id": "sgrule-4007006418",
                        "attributes": {
                            "description": "Allow worker Kubelets and pods to receive communication from the cluster control plane",
                            "from_port": "1025",
                            "id": "sgrule-4007006418",
                            "protocol": "tcp",
                            "security_group_id": "sg-0e4fef731f4c23882",
                            "self": "false",
                            "source_security_group_id": "sg-0c9d78cf9bbfb6769",
                            "to_port": "65535",
                            "type": "ingress"
                        },
                        "meta": {
                            "schema_version": "2"
                        },
                        "tainted": false
                    },
                    "deposed": [],
                    "provider": "provider.aws"
                },
                "aws_security_group_rule.demo-node-ingress-self": {
                    "type": "aws_security_group_rule",
                    "depends_on": [
                        "aws_security_group.demo-node"
                    ],
                    "primary": {
                        "id": "sgrule-662223140",
                        "attributes": {
                            "description": "Allow node to communicate with each other",
                            "from_port": "0",
                            "id": "sgrule-662223140",
                            "protocol": "-1",
                            "security_group_id": "sg-0e4fef731f4c23882",
                            "self": "false",
                            "source_security_group_id": "sg-0e4fef731f4c23882",
                            "to_port": "65535",
                            "type": "ingress"
                        },
                        "meta": {
                            "schema_version": "2"
                        },
                        "tainted": false
                    },
                    "deposed": [],
                    "provider": "provider.aws"
                },
                "aws_subnet.demo.0": {
                    "type": "aws_subnet",
                    "depends_on": [
                        "aws_vpc.demo",
                        "data.aws_availability_zones.available"
                    ],
                    "primary": {
                        "id": "subnet-0ce9c48643e9ddf85",
                        "attributes": {
                            "arn": "arn:aws:ec2:us-east-1:990456062402:subnet/subnet-0ce9c48643e9ddf85",
                            "assign_ipv6_address_on_creation": "false",
                            "availability_zone": "us-east-1a",
                            "availability_zone_id": "use1-az4",
                            "cidr_block": "10.0.0.0/24",
                            "id": "subnet-0ce9c48643e9ddf85",
                            "ipv6_cidr_block": "",
                            "ipv6_cidr_block_association_id": "",
                            "map_public_ip_on_launch": "false",
                            "owner_id": "990456062402",
                            "tags.%": "2",
                            "tags.Name": "terraform-eks-demo-node",
                            "tags.kubernetes.io/cluster/terraform-eks": "shared",
                            "vpc_id": "vpc-0077d56baf239a6a3"
                        },
                        "meta": {
                            "e2bfb730-ecaa-11e6-8f88-34363bc7c4c0": {
                                "create": 600000000000,
                                "delete": 600000000000
                            },
                            "schema_version": "1"
                        },
                        "tainted": false
                    },
                    "deposed": [],
                    "provider": "provider.aws"
                },
                "aws_subnet.demo.1": {
                    "type": "aws_subnet",
                    "depends_on": [
                        "aws_vpc.demo",
                        "data.aws_availability_zones.available"
                    ],
                    "primary": {
                        "id": "subnet-06a4a1e8f5cf628ed",
                        "attributes": {
                            "arn": "arn:aws:ec2:us-east-1:990456062402:subnet/subnet-06a4a1e8f5cf628ed",
                            "assign_ipv6_address_on_creation": "false",
                            "availability_zone": "us-east-1b",
                            "availability_zone_id": "use1-az6",
                            "cidr_block": "10.0.1.0/24",
                            "id": "subnet-06a4a1e8f5cf628ed",
                            "ipv6_cidr_block": "",
                            "ipv6_cidr_block_association_id": "",
                            "map_public_ip_on_launch": "false",
                            "owner_id": "990456062402",
                            "tags.%": "2",
                            "tags.Name": "terraform-eks-demo-node",
                            "tags.kubernetes.io/cluster/terraform-eks": "shared",
                            "vpc_id": "vpc-0077d56baf239a6a3"
                        },
                        "meta": {
                            "e2bfb730-ecaa-11e6-8f88-34363bc7c4c0": {
                                "create": 600000000000,
                                "delete": 600000000000
                            },
                            "schema_version": "1"
                        },
                        "tainted": false
                    },
                    "deposed": [],
                    "provider": "provider.aws"
                },
                "aws_vpc.demo": {
                    "type": "aws_vpc",
                    "depends_on": [],
                    "primary": {
                        "id": "vpc-0077d56baf239a6a3",
                        "attributes": {
                            "arn": "arn:aws:ec2:us-east-1:990456062402:vpc/vpc-0077d56baf239a6a3",
                            "assign_generated_ipv6_cidr_block": "false",
                            "cidr_block": "10.0.0.0/16",
                            "default_network_acl_id": "acl-0d287d5b40aeeda84",
                            "default_route_table_id": "rtb-030fe067d05fcac1e",
                            "default_security_group_id": "sg-066d9e3debfc8ced0",
                            "dhcp_options_id": "dopt-2f643454",
                            "enable_classiclink": "false",
                            "enable_classiclink_dns_support": "false",
                            "enable_dns_hostnames": "false",
                            "enable_dns_support": "true",
                            "id": "vpc-0077d56baf239a6a3",
                            "instance_tenancy": "default",
                            "ipv6_association_id": "",
                            "ipv6_cidr_block": "",
                            "main_route_table_id": "rtb-030fe067d05fcac1e",
                            "owner_id": "990456062402",
                            "tags.%": "2",
                            "tags.Name": "terraform-eks-demo-node",
                            "tags.kubernetes.io/cluster/terraform-eks": "shared"
                        },
                        "meta": {
                            "schema_version": "1"
                        },
                        "tainted": false
                    },
                    "deposed": [],
                    "provider": "provider.aws"
                },
                "data.aws_ami.eks-worker": {
                    "type": "aws_ami",
                    "depends_on": [],
                    "primary": {
                        "id": "ami-048486555686d18a0",
                        "attributes": {
                            "architecture": "x86_64",
                            "block_device_mappings.#": "1",
                            "block_device_mappings.3798922657.device_name": "/dev/xvda",
                            "block_device_mappings.3798922657.ebs.%": "6",
                            "block_device_mappings.3798922657.ebs.delete_on_termination": "true",
                            "block_device_mappings.3798922657.ebs.encrypted": "false",
                            "block_device_mappings.3798922657.ebs.iops": "0",
                            "block_device_mappings.3798922657.ebs.snapshot_id": "snap-0277468d4a8a6a3d8",
                            "block_device_mappings.3798922657.ebs.volume_size": "20",
                            "block_device_mappings.3798922657.ebs.volume_type": "gp2",
                            "block_device_mappings.3798922657.no_device": "",
                            "block_device_mappings.3798922657.virtual_name": "",
                            "creation_date": "2018-08-14T21:06:01.000Z",
                            "description": "EKS Kubernetes Worker AMI with AmazonLinux2 image",
                            "filter.#": "1",
                            "filter.2070637487.name": "name",
                            "filter.2070637487.values.#": "1",
                            "filter.2070637487.values.0": "eks-worker-*",
                            "hypervisor": "xen",
                            "id": "ami-048486555686d18a0",
                            "image_id": "ami-048486555686d18a0",
                            "image_location": "602401143452/eks-worker-v22",
                            "image_type": "machine",
                            "most_recent": "true",
                            "name": "eks-worker-v22",
                            "owner_id": "602401143452",
                            "owners.#": "1",
                            "owners.0": "602401143452",
                            "product_codes.#": "0",
                            "public": "true",
                            "root_device_name": "/dev/xvda",
                            "root_device_type": "ebs",
                            "root_snapshot_id": "snap-0277468d4a8a6a3d8",
                            "sriov_net_support": "simple",
                            "state": "available",
                            "state_reason.%": "2",
                            "state_reason.code": "UNSET",
                            "state_reason.message": "UNSET",
                            "tags.%": "0",
                            "virtualization_type": "hvm"
                        },
                        "meta": {},
                        "tainted": false
                    },
                    "deposed": [],
                    "provider": "provider.aws"
                },
                "data.aws_availability_zones.available": {
                    "type": "aws_availability_zones",
                    "depends_on": [],
                    "primary": {
                        "id": "2019-04-21 04:21:26.249848896 +0000 UTC",
                        "attributes": {
                            "id": "2019-04-21 04:21:26.249848896 +0000 UTC",
                            "names.#": "6",
                            "names.0": "us-east-1a",
                            "names.1": "us-east-1b",
                            "names.2": "us-east-1c",
                            "names.3": "us-east-1d",
                            "names.4": "us-east-1e",
                            "names.5": "us-east-1f",
                            "zone_ids.#": "6",
                            "zone_ids.0": "use1-az4",
                            "zone_ids.1": "use1-az6",
                            "zone_ids.2": "use1-az1",
                            "zone_ids.3": "use1-az2",
                            "zone_ids.4": "use1-az3",
                            "zone_ids.5": "use1-az5"
                        },
                        "meta": {},
                        "tainted": false
                    },
                    "deposed": [],
                    "provider": "provider.aws"
                },
                "data.aws_region.current": {
                    "type": "aws_region",
                    "depends_on": [],
                    "primary": {
                        "id": "us-east-1",
                        "attributes": {
                            "description": "US East (N. Virginia)",
                            "endpoint": "ec2.us-east-1.amazonaws.com",
                            "id": "us-east-1",
                            "name": "us-east-1"
                        },
                        "meta": {},
                        "tainted": false
                    },
                    "deposed": [],
                    "provider": "provider.aws"
                },
                "data.http.workstation-external-ip": {
                    "type": "http",
                    "depends_on": [],
                    "primary": {
                        "id": "2019-04-21 04:21:26.284162269 +0000 UTC",
                        "attributes": {
                            "body": "34.201.141.253\n",
                            "id": "2019-04-21 04:21:26.284162269 +0000 UTC",
                            "url": "http://ipv4.icanhazip.com"
                        },
                        "meta": {},
                        "tainted": false
                    },
                    "deposed": [],
                    "provider": "provider.http"
                }
            },
            "depends_on": []
        }
    ]
}
